
Microsoft Visual Studio Solution File, Format Version 12.00
# Visual Studio 15
VisualStudioVersion = 15.0.28010.2048
MinimumVisualStudioVersion = 10.0.40219.1
Project("{FAE04EC0-301F-11D3-BF4B-00C04F79EFBC}") = "Catalogue_re.Web", "Catalogue_re.Web\Catalogue_re.Web.csproj", "{410251C2-A2F9-4767-8E52-5216A1E45ABD}"
EndProject
Project("{FAE04EC0-301F-11D3-BF4B-00C04F79EFBC}") = "Catalogue_re.DAL", "Catalogue_re.DAL\Catalogue_re.DAL.csproj", "{9C20C3FD-0AD5-4599-9AAF-BBD5D2E5BDE7}"
EndProject
Project("{FAE04EC0-301F-11D3-BF4B-00C04F79EFBC}") = "Catalogue_re.BLL", "Catalogue_re.BLL\Catalogue_re.BLL.csproj", "{AFF7D619-7327-47D6-A8AC-6ACF19507DE8}"
EndProject
Global
	GlobalSection(SolutionConfigurationPlatforms) = preSolution
		Debug|Any CPU = Debug|Any CPU
		Release|Any CPU = Release|Any CPU
	EndGlobalSection
	GlobalSection(ProjectConfigurationPlatforms) = postSolution
		{410251C2-A2F9-4767-8E52-5216A1E45ABD}.Debug|Any CPU.ActiveCfg = Debug|Any CPU
		{410251C2-A2F9-4767-8E52-5216A1E45ABD}.Debug|Any CPU.Build.0 = Debug|Any CPU
		{410251C2-A2F9-4767-8E52-5216A1E45ABD}.Release|Any CPU.ActiveCfg = Release|Any CPU
		{410251C2-A2F9-4767-8E52-5216A1E45ABD}.Release|Any CPU.Build.0 = Release|Any CPU
		{9C20C3FD-0AD5-4599-9AAF-BBD5D2E5BDE7}.Debug|Any CPU.ActiveCfg = Debug|Any CPU
		{9C20C3FD-0AD5-4599-9AAF-BBD5D2E5BDE7}.Debug|Any CPU.Build.0 = Debug|Any CPU
		{9C20C3FD-0AD5-4599-9AAF-BBD5D2E5BDE7}.Release|Any CPU.ActiveCfg = Release|Any CPU
		{9C20C3FD-0AD5-4599-9AAF-BBD5D2E5BDE7}.Release|Any CPU.Build.0 = Release|Any CPU
		{AFF7D619-7327-47D6-A8AC-6ACF19507DE8}.Debug|Any CPU.ActiveCfg = Debug|Any CPU
		{AFF7D619-7327-47D6-A8AC-6ACF19507DE8}.Debug|Any CPU.Build.0 = Debug|Any CPU
		{AFF7D619-7327-47D6-A8AC-6ACF19507DE8}.Release|Any CPU.ActiveCfg = Release|Any CPU
		{AFF7D619-7327-47D6-A8AC-6ACF19507DE8}.Release|Any CPU.Build.0 = Release|Any CPU
	EndGlobalSection
	GlobalSection(SolutionProperties) = preSolution
		HideSolutionNode = FALSE
	EndGlobalSection
	GlobalSection(ExtensibilityGlobals) = postSolution
		SolutionGuid = {E80ECBD1-11D8-4CBA-8EB8-57FECB5DC31A}
	EndGlobalSection
EndGlobal
